// !$*UTF8*$!
{
	archiveVersion = 1;
	classes = {
	};
	objectVersion = 46;
	objects = {

/* Begin PBXBuildFile section */
		8B54A05917B9E1240068775C /* TestCollectionViewController.m in Sources */ = {isa = PBXBuildFile; fileRef = 8B54A05817B9E1240068775C /* TestCollectionViewController.m */; };
		8B54A05D17B9E1FD0068775C /* TestController.m in Sources */ = {isa = PBXBuildFile; fileRef = 8B54A05C17B9E1FD0068775C /* TestController.m */; };
		8BE493521798EAE9002BEA5A /* Cocoa.framework in Frameworks */ = {isa = PBXBuildFile; fileRef = 8BE493511798EAE9002BEA5A /* Cocoa.framework */; };
		8BE4935C1798EAE9002BEA5A /* InfoPlist.strings in Resources */ = {isa = PBXBuildFile; fileRef = 8BE4935A1798EAE9002BEA5A /* InfoPlist.strings */; };
		8BE4935E1798EAE9002BEA5A /* main.m in Sources */ = {isa = PBXBuildFile; fileRef = 8BE4935D1798EAE9002BEA5A /* main.m */; };
		8BE493621798EAE9002BEA5A /* Credits.rtf in Resources */ = {isa = PBXBuildFile; fileRef = 8BE493601798EAE9002BEA5A /* Credits.rtf */; };
		8BE493651798EAE9002BEA5A /* AppDelegate.m in Sources */ = {isa = PBXBuildFile; fileRef = 8BE493641798EAE9002BEA5A /* AppDelegate.m */; };
		8BE493681798EAE9002BEA5A /* MainMenu.xib in Resources */ = {isa = PBXBuildFile; fileRef = 8BE493661798EAE9002BEA5A /* MainMenu.xib */; };
		8BE4936A1798EAE9002BEA5A /* Images.xcassets in Resources */ = {isa = PBXBuildFile; fileRef = 8BE493691798EAE9002BEA5A /* Images.xcassets */; };
		8BE493711798EAE9002BEA5A /* XCTest.framework in Frameworks */ = {isa = PBXBuildFile; fileRef = 8BE493701798EAE9002BEA5A /* XCTest.framework */; };
		8BE493721798EAE9002BEA5A /* Cocoa.framework in Frameworks */ = {isa = PBXBuildFile; fileRef = 8BE493511798EAE9002BEA5A /* Cocoa.framework */; };
		8BE4937A1798EAE9002BEA5A /* InfoPlist.strings in Resources */ = {isa = PBXBuildFile; fileRef = 8BE493781798EAE9002BEA5A /* InfoPlist.strings */; };
		8BE4937C1798EAE9002BEA5A /* TestTests.m in Sources */ = {isa = PBXBuildFile; fileRef = 8BE4937B1798EAE9002BEA5A /* TestTests.m */; };
		8BE493901798EB2B002BEA5A /* UIKit.framework in Frameworks */ = {isa = PBXBuildFile; fileRef = 8BE4938B1798EAF0002BEA5A /* UIKit.framework */; };
		8BF623F617BDDD5E0015ED5C /* TestTableViewController.m in Sources */ = {isa = PBXBuildFile; fileRef = 8BF623F517BDDD5E0015ED5C /* TestTableViewController.m */; };
/* End PBXBuildFile section */

/* Begin PBXContainerItemProxy section */
		8BE493731798EAE9002BEA5A /* PBXContainerItemProxy */ = {
			isa = PBXContainerItemProxy;
			containerPortal = 8BE493461798EAE9002BEA5A /* Project object */;
			proxyType = 1;
			remoteGlobalIDString = 8BE4934D1798EAE9002BEA5A;
			remoteInfo = Test;
		};
		8BE4938A1798EAF0002BEA5A /* PBXContainerItemProxy */ = {
			isa = PBXContainerItemProxy;
			containerPortal = 8BE493851798EAF0002BEA5A /* UIKit.xcodeproj */;
			proxyType = 2;
			remoteGlobalIDString = 8BE492B71798C44F002BEA5A;
			remoteInfo = UIKit;
		};
		8BE4938C1798EAF0002BEA5A /* PBXContainerItemProxy */ = {
			isa = PBXContainerItemProxy;
			containerPortal = 8BE493851798EAF0002BEA5A /* UIKit.xcodeproj */;
			proxyType = 2;
			remoteGlobalIDString = 8BE492CE1798C44F002BEA5A;
			remoteInfo = UIKitTests;
		};
		8BE4938E1798EB28002BEA5A /* PBXContainerItemProxy */ = {
			isa = PBXContainerItemProxy;
			containerPortal = 8BE493851798EAF0002BEA5A /* UIKit.xcodeproj */;
			proxyType = 1;
			remoteGlobalIDString = 8BE492B61798C44F002BEA5A;
			remoteInfo = UIKit;
		};
/* End PBXContainerItemProxy section */

/* Begin PBXFileReference section */
		8B54A05717B9E1240068775C /* TestCollectionViewController.h */ = {isa = PBXFileReference; fileEncoding = 4; lastKnownFileType = sourcecode.c.h; path = TestCollectionViewController.h; sourceTree = "<group>"; };
		8B54A05817B9E1240068775C /* TestCollectionViewController.m */ = {isa = PBXFileReference; fileEncoding = 4; lastKnownFileType = sourcecode.c.objc; path = TestCollectionViewController.m; sourceTree = "<group>"; };
		8B54A05B17B9E1FD0068775C /* TestController.h */ = {isa = PBXFileReference; fileEncoding = 4; lastKnownFileType = sourcecode.c.h; path = TestController.h; sourceTree = "<group>"; };
		8B54A05C17B9E1FD0068775C /* TestController.m */ = {isa = PBXFileReference; fileEncoding = 4; lastKnownFileType = sourcecode.c.objc; path = TestController.m; sourceTree = "<group>"; };
		8BE4934E1798EAE9002BEA5A /* Test.app */ = {isa = PBXFileReference; explicitFileType = wrapper.application; includeInIndex = 0; path = Test.app; sourceTree = BUILT_PRODUCTS_DIR; };
		8BE493511798EAE9002BEA5A /* Cocoa.framework */ = {isa = PBXFileReference; lastKnownFileType = wrapper.framework; name = Cocoa.framework; path = System/Library/Frameworks/Cocoa.framework; sourceTree = SDKROOT; };
		8BE493541798EAE9002BEA5A /* AppKit.framework */ = {isa = PBXFileReference; lastKnownFileType = wrapper.framework; name = AppKit.framework; path = System/Library/Frameworks/AppKit.framework; sourceTree = SDKROOT; };
		8BE493551798EAE9002BEA5A /* CoreData.framework */ = {isa = PBXFileReference; lastKnownFileType = wrapper.framework; name = CoreData.framework; path = System/Library/Frameworks/CoreData.framework; sourceTree = SDKROOT; };
		8BE493561798EAE9002BEA5A /* Foundation.framework */ = {isa = PBXFileReference; lastKnownFileType = wrapper.framework; name = Foundation.framework; path = System/Library/Frameworks/Foundation.framework; sourceTree = SDKROOT; };
		8BE493591798EAE9002BEA5A /* Test-Info.plist */ = {isa = PBXFileReference; lastKnownFileType = text.plist.xml; path = "Test-Info.plist"; sourceTree = "<group>"; };
		8BE4935B1798EAE9002BEA5A /* en */ = {isa = PBXFileReference; lastKnownFileType = text.plist.strings; name = en; path = en.lproj/InfoPlist.strings; sourceTree = "<group>"; };
		8BE4935D1798EAE9002BEA5A /* main.m */ = {isa = PBXFileReference; lastKnownFileType = sourcecode.c.objc; path = main.m; sourceTree = "<group>"; };
		8BE4935F1798EAE9002BEA5A /* Test-Prefix.pch */ = {isa = PBXFileReference; lastKnownFileType = sourcecode.c.h; path = "Test-Prefix.pch"; sourceTree = "<group>"; };
		8BE493611798EAE9002BEA5A /* en */ = {isa = PBXFileReference; lastKnownFileType = text.rtf; name = en; path = en.lproj/Credits.rtf; sourceTree = "<group>"; };
		8BE493631798EAE9002BEA5A /* AppDelegate.h */ = {isa = PBXFileReference; lastKnownFileType = sourcecode.c.h; path = AppDelegate.h; sourceTree = "<group>"; };
		8BE493641798EAE9002BEA5A /* AppDelegate.m */ = {isa = PBXFileReference; lastKnownFileType = sourcecode.c.objc; path = AppDelegate.m; sourceTree = "<group>"; };
		8BE493671798EAE9002BEA5A /* Base */ = {isa = PBXFileReference; lastKnownFileType = file.xib; name = Base; path = Base.lproj/MainMenu.xib; sourceTree = "<group>"; };
		8BE493691798EAE9002BEA5A /* Images.xcassets */ = {isa = PBXFileReference; lastKnownFileType = folder.assetcatalog; path = Images.xcassets; sourceTree = "<group>"; };
		8BE4936F1798EAE9002BEA5A /* TestTests.xctest */ = {isa = PBXFileReference; explicitFileType = wrapper.cfbundle; includeInIndex = 0; path = TestTests.xctest; sourceTree = BUILT_PRODUCTS_DIR; };
		8BE493701798EAE9002BEA5A /* XCTest.framework */ = {isa = PBXFileReference; lastKnownFileType = wrapper.framework; name = XCTest.framework; path = Library/Frameworks/XCTest.framework; sourceTree = DEVELOPER_DIR; };
		8BE493771798EAE9002BEA5A /* TestTests-Info.plist */ = {isa = PBXFileReference; lastKnownFileType = text.plist.xml; path = "TestTests-Info.plist"; sourceTree = "<group>"; };
		8BE493791798EAE9002BEA5A /* en */ = {isa = PBXFileReference; lastKnownFileType = text.plist.strings; name = en; path = en.lproj/InfoPlist.strings; sourceTree = "<group>"; };
		8BE4937B1798EAE9002BEA5A /* TestTests.m */ = {isa = PBXFileReference; lastKnownFileType = sourcecode.c.objc; path = TestTests.m; sourceTree = "<group>"; };
		8BE493851798EAF0002BEA5A /* UIKit.xcodeproj */ = {isa = PBXFileReference; lastKnownFileType = "wrapper.pb-project"; name = UIKit.xcodeproj; path = ../UIKit.xcodeproj; sourceTree = "<group>"; };
		8BF623F417BDDD5E0015ED5C /* TestTableViewController.h */ = {isa = PBXFileReference; fileEncoding = 4; lastKnownFileType = sourcecode.c.h; path = TestTableViewController.h; sourceTree = "<group>"; };
		8BF623F517BDDD5E0015ED5C /* TestTableViewController.m */ = {isa = PBXFileReference; fileEncoding = 4; lastKnownFileType = sourcecode.c.objc; path = TestTableViewController.m; sourceTree = "<group>"; };
/* End PBXFileReference section */

/* Begin PBXFrameworksBuildPhase section */
		8BE4934B1798EAE9002BEA5A /* Frameworks */ = {
			isa = PBXFrameworksBuildPhase;
			buildActionMask = 2147483647;
			files = (
				8BE493901798EB2B002BEA5A /* UIKit.framework in Frameworks */,
				8BE493521798EAE9002BEA5A /* Cocoa.framework in Frameworks */,
			);
			runOnlyForDeploymentPostprocessing = 0;
		};
		8BE4936C1798EAE9002BEA5A /* Frameworks */ = {
			isa = PBXFrameworksBuildPhase;
			buildActionMask = 2147483647;
			files = (
				8BE493721798EAE9002BEA5A /* Cocoa.framework in Frameworks */,
				8BE493711798EAE9002BEA5A /* XCTest.framework in Frameworks */,
			);
			runOnlyForDeploymentPostprocessing = 0;
		};
/* End PBXFrameworksBuildPhase section */

/* Begin PBXGroup section */
		8BE493451798EAE9002BEA5A = {
			isa = PBXGroup;
			children = (
				8BE493571798EAE9002BEA5A /* Test */,
				8BE493751798EAE9002BEA5A /* TestTests */,
				8BE493501798EAE9002BEA5A /* Frameworks */,
				8BE4934F1798EAE9002BEA5A /* Products */,
			);
			sourceTree = "<group>";
		};
		8BE4934F1798EAE9002BEA5A /* Products */ = {
			isa = PBXGroup;
			children = (
				8BE4934E1798EAE9002BEA5A /* Test.app */,
				8BE4936F1798EAE9002BEA5A /* TestTests.xctest */,
			);
			name = Products;
			sourceTree = "<group>";
		};
		8BE493501798EAE9002BEA5A /* Frameworks */ = {
			isa = PBXGroup;
			children = (
				8BE493851798EAF0002BEA5A /* UIKit.xcodeproj */,
				8BE493511798EAE9002BEA5A /* Cocoa.framework */,
				8BE493701798EAE9002BEA5A /* XCTest.framework */,
				8BE493531798EAE9002BEA5A /* Other Frameworks */,
			);
			name = Frameworks;
			sourceTree = "<group>";
		};
		8BE493531798EAE9002BEA5A /* Other Frameworks */ = {
			isa = PBXGroup;
			children = (
				8BE493541798EAE9002BEA5A /* AppKit.framework */,
				8BE493551798EAE9002BEA5A /* CoreData.framework */,
				8BE493561798EAE9002BEA5A /* Foundation.framework */,
			);
			name = "Other Frameworks";
			sourceTree = "<group>";
		};
		8BE493571798EAE9002BEA5A /* Test */ = {
			isa = PBXGroup;
			children = (
				8BE493631798EAE9002BEA5A /* AppDelegate.h */,
				8BE493641798EAE9002BEA5A /* AppDelegate.m */,
				8B54A05717B9E1240068775C /* TestCollectionViewController.h */,
				8B54A05817B9E1240068775C /* TestCollectionViewController.m */,
				8BE493661798EAE9002BEA5A /* MainMenu.xib */,
				8BE493691798EAE9002BEA5A /* Images.xcassets */,
				8BE493581798EAE9002BEA5A /* Supporting Files */,
				8B54A05B17B9E1FD0068775C /* TestController.h */,
				8B54A05C17B9E1FD0068775C /* TestController.m */,
				8BF623F417BDDD5E0015ED5C /* TestTableViewController.h */,
				8BF623F517BDDD5E0015ED5C /* TestTableViewController.m */,
			);
			path = Test;
			sourceTree = "<group>";
		};
		8BE493581798EAE9002BEA5A /* Supporting Files */ = {
			isa = PBXGroup;
			children = (
				8BE493591798EAE9002BEA5A /* Test-Info.plist */,
				8BE4935A1798EAE9002BEA5A /* InfoPlist.strings */,
				8BE4935D1798EAE9002BEA5A /* main.m */,
				8BE4935F1798EAE9002BEA5A /* Test-Prefix.pch */,
				8BE493601798EAE9002BEA5A /* Credits.rtf */,
			);
			name = "Supporting Files";
			sourceTree = "<group>";
		};
		8BE493751798EAE9002BEA5A /* TestTests */ = {
			isa = PBXGroup;
			children = (
				8BE4937B1798EAE9002BEA5A /* TestTests.m */,
				8BE493761798EAE9002BEA5A /* Supporting Files */,
			);
			path = TestTests;
			sourceTree = "<group>";
		};
		8BE493761798EAE9002BEA5A /* Supporting Files */ = {
			isa = PBXGroup;
			children = (
				8BE493771798EAE9002BEA5A /* TestTests-Info.plist */,
				8BE493781798EAE9002BEA5A /* InfoPlist.strings */,
			);
			name = "Supporting Files";
			sourceTree = "<group>";
		};
		8BE493861798EAF0002BEA5A /* Products */ = {
			isa = PBXGroup;
			children = (
				8BE4938B1798EAF0002BEA5A /* UIKit.framework */,
				8BE4938D1798EAF0002BEA5A /* UIKitTests.xctest */,
			);
			name = Products;
			sourceTree = "<group>";
		};
/* End PBXGroup section */

/* Begin PBXNativeTarget section */
		8BE4934D1798EAE9002BEA5A /* Test */ = {
			isa = PBXNativeTarget;
			buildConfigurationList = 8BE4937F1798EAE9002BEA5A /* Build configuration list for PBXNativeTarget "Test" */;
			buildPhases = (
				8BE4934A1798EAE9002BEA5A /* Sources */,
				8BE4934B1798EAE9002BEA5A /* Frameworks */,
				8BE4934C1798EAE9002BEA5A /* Resources */,
			);
			buildRules = (
			);
			dependencies = (
				8BE4938F1798EB28002BEA5A /* PBXTargetDependency */,
			);
			name = Test;
			productName = Test;
			productReference = 8BE4934E1798EAE9002BEA5A /* Test.app */;
			productType = "com.apple.product-type.application";
		};
		8BE4936E1798EAE9002BEA5A /* TestTests */ = {
			isa = PBXNativeTarget;
			buildConfigurationList = 8BE493821798EAE9002BEA5A /* Build configuration list for PBXNativeTarget "TestTests" */;
			buildPhases = (
				8BE4936B1798EAE9002BEA5A /* Sources */,
				8BE4936C1798EAE9002BEA5A /* Frameworks */,
				8BE4936D1798EAE9002BEA5A /* Resources */,
			);
			buildRules = (
			);
			dependencies = (
				8BE493741798EAE9002BEA5A /* PBXTargetDependency */,
			);
			name = TestTests;
			productName = TestTests;
			productReference = 8BE4936F1798EAE9002BEA5A /* TestTests.xctest */;
			productType = "com.apple.product-type.bundle.unit-test";
		};
/* End PBXNativeTarget section */

/* Begin PBXProject section */
		8BE493461798EAE9002BEA5A /* Project object */ = {
			isa = PBXProject;
			attributes = {
				LastUpgradeCheck = 0500;
				ORGANIZATIONNAME = "Roundabout Software, LLC";
				TargetAttributes = {
					8BE4936E1798EAE9002BEA5A = {
						TestTargetID = 8BE4934D1798EAE9002BEA5A;
					};
				};
			};
			buildConfigurationList = 8BE493491798EAE9002BEA5A /* Build configuration list for PBXProject "Test" */;
			compatibilityVersion = "Xcode 3.2";
			developmentRegion = English;
			hasScannedForEncodings = 0;
			knownRegions = (
				en,
				Base,
			);
			mainGroup = 8BE493451798EAE9002BEA5A;
			productRefGroup = 8BE4934F1798EAE9002BEA5A /* Products */;
			projectDirPath = "";
			projectReferences = (
				{
					ProductGroup = 8BE493861798EAF0002BEA5A /* Products */;
					ProjectRef = 8BE493851798EAF0002BEA5A /* UIKit.xcodeproj */;
				},
			);
			projectRoot = "";
			targets = (
				8BE4934D1798EAE9002BEA5A /* Test */,
				8BE4936E1798EAE9002BEA5A /* TestTests */,
			);
		};
/* End PBXProject section */

/* Begin PBXReferenceProxy section */
		8BE4938B1798EAF0002BEA5A /* UIKit.framework */ = {
			isa = PBXReferenceProxy;
			fileType = wrapper.framework;
			path = UIKit.framework;
			remoteRef = 8BE4938A1798EAF0002BEA5A /* PBXContainerItemProxy */;
			sourceTree = BUILT_PRODUCTS_DIR;
		};
		8BE4938D1798EAF0002BEA5A /* UIKitTests.xctest */ = {
			isa = PBXReferenceProxy;
			fileType = wrapper.cfbundle;
			path = UIKitTests.xctest;
			remoteRef = 8BE4938C1798EAF0002BEA5A /* PBXContainerItemProxy */;
			sourceTree = BUILT_PRODUCTS_DIR;
		};
/* End PBXReferenceProxy section */

/* Begin PBXResourcesBuildPhase section */
		8BE4934C1798EAE9002BEA5A /* Resources */ = {
			isa = PBXResourcesBuildPhase;
			buildActionMask = 2147483647;
			files = (
				8BE4935C1798EAE9002BEA5A /* InfoPlist.strings in Resources */,
				8BE4936A1798EAE9002BEA5A /* Images.xcassets in Resources */,
				8BE493621798EAE9002BEA5A /* Credits.rtf in Resources */,
				8BE493681798EAE9002BEA5A /* MainMenu.xib in Resources */,
			);
			runOnlyForDeploymentPostprocessing = 0;
		};
		8BE4936D1798EAE9002BEA5A /* Resources */ = {
			isa = PBXResourcesBuildPhase;
			buildActionMask = 2147483647;
			files = (
				8BE4937A1798EAE9002BEA5A /* InfoPlist.strings in Resources */,
			);
			runOnlyForDeploymentPostprocessing = 0;
		};
/* End PBXResourcesBuildPhase section */

/* Begin PBXSourcesBuildPhase section */
		8BE4934A1798EAE9002BEA5A /* Sources */ = {
			isa = PBXSourcesBuildPhase;
			buildActionMask = 2147483647;
			files = (
				8BE493651798EAE9002BEA5A /* AppDelegate.m in Sources */,
				8B54A05917B9E1240068775C /* TestCollectionViewController.m in Sources */,
				8BF623F617BDDD5E0015ED5C /* TestTableViewController.m in Sources */,
				8BE4935E1798EAE9002BEA5A /* main.m in Sources */,
				8B54A05D17B9E1FD0068775C /* TestController.m in Sources */,
			);
			runOnlyForDeploymentPostprocessing = 0;
		};
		8BE4936B1798EAE9002BEA5A /* Sources */ = {
			isa = PBXSourcesBuildPhase;
			buildActionMask = 2147483647;
			files = (
				8BE4937C1798EAE9002BEA5A /* TestTests.m in Sources */,
			);
			runOnlyForDeploymentPostprocessing = 0;
		};
/* End PBXSourcesBuildPhase section */

/* Begin PBXTargetDependency section */
		8BE493741798EAE9002BEA5A /* PBXTargetDependency */ = {
			isa = PBXTargetDependency;
			target = 8BE4934D1798EAE9002BEA5A /* Test */;
			targetProxy = 8BE493731798EAE9002BEA5A /* PBXContainerItemProxy */;
		};
		8BE4938F1798EB28002BEA5A /* PBXTargetDependency */ = {
			isa = PBXTargetDependency;
			name = UIKit;
			targetProxy = 8BE4938E1798EB28002BEA5A /* PBXContainerItemProxy */;
		};
/* End PBXTargetDependency section */

/* Begin PBXVariantGroup section */
		8BE4935A1798EAE9002BEA5A /* InfoPlist.strings */ = {
			isa = PBXVariantGroup;
			children = (
				8BE4935B1798EAE9002BEA5A /* en */,
			);
			name = InfoPlist.strings;
			sourceTree = "<group>";
		};
		8BE493601798EAE9002BEA5A /* Credits.rtf */ = {
			isa = PBXVariantGroup;
			children = (
				8BE493611798EAE9002BEA5A /* en */,
			);
			name = Credits.rtf;
			sourceTree = "<group>";
		};
		8BE493661798EAE9002BEA5A /* MainMenu.xib */ = {
			isa = PBXVariantGroup;
			children = (
				8BE493671798EAE9002BEA5A /* Base */,
			);
			name = MainMenu.xib;
			sourceTree = "<group>";
		};
		8BE493781798EAE9002BEA5A /* InfoPlist.strings */ = {
			isa = PBXVariantGroup;
			children = (
				8BE493791798EAE9002BEA5A /* en */,
			);
			name = InfoPlist.strings;
			sourceTree = "<group>";
		};
/* End PBXVariantGroup section */

/* Begin XCBuildConfiguration section */
		8BE4937D1798EAE9002BEA5A /* Debug */ = {
			isa = XCBuildConfiguration;
			buildSettings = {
				ALWAYS_SEARCH_USER_PATHS = NO;
				CLANG_CXX_LANGUAGE_STANDARD = "gnu++0x";
				CLANG_CXX_LIBRARY = "libc++";
				CLANG_ENABLE_MODULES = YES;
				CLANG_ENABLE_OBJC_ARC = YES;
				CLANG_WARN_BOOL_CONVERSION = YES;
				CLANG_WARN_CONSTANT_CONVERSION = YES;
				CLANG_WARN_DIRECT_OBJC_ISA_USAGE = YES_ERROR;
				CLANG_WARN_EMPTY_BODY = YES;
				CLANG_WARN_ENUM_CONVERSION = YES;
				CLANG_WARN_INT_CONVERSION = YES;
				CLANG_WARN_OBJC_ROOT_CLASS = YES_ERROR;
				CLANG_WARN__DUPLICATE_METHOD_MATCH = YES;
				COPY_PHASE_STRIP = NO;
				GCC_C_LANGUAGE_STANDARD = gnu99;
				GCC_DYNAMIC_NO_PIC = NO;
				GCC_ENABLE_OBJC_EXCEPTIONS = YES;
				GCC_OPTIMIZATION_LEVEL = 0;
				GCC_PREPROCESSOR_DEFINITIONS = (
					"DEBUG=1",
					"$(inherited)",
				);
				GCC_SYMBOLS_PRIVATE_EXTERN = NO;
				GCC_WARN_64_TO_32_BIT_CONVERSION = YES;
				GCC_WARN_ABOUT_RETURN_TYPE = YES_ERROR;
				GCC_WARN_UNDECLARED_SELECTOR = YES;
				GCC_WARN_UNINITIALIZED_AUTOS = YES;
				GCC_WARN_UNUSED_FUNCTION = YES;
				GCC_WARN_UNUSED_VARIABLE = YES;
				MACOSX_DEPLOYMENT_TARGET = 10.8;
				ONLY_ACTIVE_ARCH = YES;
				SDKROOT = macosx;
			};
			name = Debug;
		};
		8BE4937E1798EAE9002BEA5A /* Release */ = {
			isa = XCBuildConfiguration;
			buildSettings = {
				ALWAYS_SEARCH_USER_PATHS = NO;
				CLANG_CXX_LANGUAGE_STANDARD = "gnu++0x";
				CLANG_CXX_LIBRARY = "libc++";
				CLANG_ENABLE_MODULES = YES;
				CLANG_ENABLE_OBJC_ARC = YES;
				CLANG_WARN_BOOL_CONVERSION = YES;
				CLANG_WARN_CONSTANT_CONVERSION = YES;
				CLANG_WARN_DIRECT_OBJC_ISA_USAGE = YES_ERROR;
				CLANG_WARN_EMPTY_BODY = YES;
				CLANG_WARN_ENUM_CONVERSION = YES;
				CLANG_WARN_INT_CONVERSION = YES;
				CLANG_WARN_OBJC_ROOT_CLASS = YES_ERROR;
				CLANG_WARN__DUPLICATE_METHOD_MATCH = YES;
				COPY_PHASE_STRIP = YES;
				DEBUG_INFORMATION_FORMAT = "dwarf-with-dsym";
				ENABLE_NS_ASSERTIONS = NO;
				GCC_C_LANGUAGE_STANDARD = gnu99;
				GCC_ENABLE_OBJC_EXCEPTIONS = YES;
				GCC_WARN_64_TO_32_BIT_CONVERSION = YES;
				GCC_WARN_ABOUT_RETURN_TYPE = YES_ERROR;
				GCC_WARN_UNDECLARED_SELECTOR = YES;
				GCC_WARN_UNINITIALIZED_AUTOS = YES;
				GCC_WARN_UNUSED_FUNCTION = YES;
				GCC_WARN_UNUSED_VARIABLE = YES;
				MACOSX_DEPLOYMENT_TARGET = 10.8;
				SDKROOT = macosx;
			};
			name = Release;
		};
		8BE493801798EAE9002BEA5A /* Debug */ = {
			isa = XCBuildConfiguration;
			buildSettings = {
				ARCHS = "$(NATIVE_ARCH_ACTUAL)";
				ASSETCATALOG_COMPILER_APPICON_NAME = AppIcon;
				COMBINE_HIDPI_IMAGES = YES;
				GCC_PRECOMPILE_PREFIX_HEADER = YES;
				GCC_PREFIX_HEADER = "Test/Test-Prefix.pch";
				INFOPLIST_FILE = "Test/Test-Info.plist";
				PRODUCT_NAME = "$(TARGET_NAME)";
				VALID_ARCHS = x86_64;
				WRAPPER_EXTENSION = app;
			};
			name = Debug;
		};
		8BE493811798EAE9002BEA5A /* Release */ = {
			isa = XCBuildConfiguration;
			buildSettings = {
				ARCHS = "$(NATIVE_ARCH_ACTUAL)";
				ASSETCATALOG_COMPILER_APPICON_NAME = AppIcon;
				COMBINE_HIDPI_IMAGES = YES;
				GCC_PRECOMPILE_PREFIX_HEADER = YES;
				GCC_PREFIX_HEADER = "Test/Test-Prefix.pch";
				INFOPLIST_FILE = "Test/Test-Info.plist";
				PRODUCT_NAME = "$(TARGET_NAME)";
				VALID_ARCHS = x86_64;
				WRAPPER_EXTENSION = app;
			};
			name = Release;
		};
		8BE493831798EAE9002BEA5A /* Debug */ = {
			isa = XCBuildConfiguration;
			buildSettings = {
				BUNDLE_LOADER = "$(BUILT_PRODUCTS_DIR)/Test.app/Contents/MacOS/Test";
				COMBINE_HIDPI_IMAGES = YES;
				FRAMEWORK_SEARCH_PATHS = (
					"$(DEVELOPER_FRAMEWORKS_DIR)",
					"$(inherited)",
				);
				GCC_PRECOMPILE_PREFIX_HEADER = YES;
				GCC_PREFIX_HEADER = "Test/Test-Prefix.pch";
				GCC_PREPROCESSOR_DEFINITIONS = (
					"DEBUG=1",
					"$(inherited)",
				);
				INFOPLIST_FILE = "TestTests/TestTests-Info.plist";
				PRODUCT_NAME = "$(TARGET_NAME)";
				TEST_HOST = "$(BUNDLE_LOADER)";
				WRAPPER_EXTENSION = xctest;
			};
			name = Debug;
		};
		8BE493841798EAE9002BEA5A /* Release */ = {
			isa = XCBuildConfiguration;
			buildSettings = {
				BUNDLE_LOADER = "$(BUILT_PRODUCTS_DIR)/Test.app/Contents/MacOS/Test";
				COMBINE_HIDPI_IMAGES = YES;
				FRAMEWORK_SEARCH_PATHS = (
					"$(DEVELOPER_FRAMEWORKS_DIR)",
					"$(inherited)",
				);
				GCC_PRECOMPILE_PREFIX_HEADER = YES;
				GCC_PREFIX_HEADER = "Test/Test-Prefix.pch";
				INFOPLIST_FILE = "TestTests/TestTests-Info.plist";
				PRODUCT_NAME = "$(TARGET_NAME)";
				TEST_HOST = "$(BUNDLE_LOADER)";
				WRAPPER_EXTENSION = xctest;
			};
			name = Release;
		};
/* End XCBuildConfiguration section */

/* Begin XCConfigurationList section */
		8BE493491798EAE9002BEA5A /* Build configuration list for PBXProject "Test" */ = {
			isa = XCConfigurationList;
			buildConfigurations = (
				8BE4937D1798EAE9002BEA5A /* Debug */,
				8BE4937E1798EAE9002BEA5A /* Release */,
			);
			defaultConfigurationIsVisible = 0;
			defaultConfigurationName = Release;
		};
		8BE4937F1798EAE9002BEA5A /* Build configuration list for PBXNativeTarget "Test" */ = {
			isa = XCConfigurationList;
			buildConfigurations = (
				8BE493801798EAE9002BEA5A /* Debug */,
				8BE493811798EAE9002BEA5A /* Release */,
			);
			defaultConfigurationIsVisible = 0;
			defaultConfigurationName = Release;
		};
		8BE493821798EAE9002BEA5A /* Build configuration list for PBXNativeTarget "TestTests" */ = {
			isa = XCConfigurationList;
			buildConfigurations = (
				8BE493831798EAE9002BEA5A /* Debug */,
				8BE493841798EAE9002BEA5A /* Release */,
			);
			defaultConfigurationIsVisible = 0;
			defaultConfigurationName = Release;
		};
/* End XCConfigurationList section */
	};
	rootObject = 8BE493461798EAE9002BEA5A /* Project object */;
}
